// !$*UTF8*$!
{
	archiveVersion = 1;
	classes = {
	};
	objectVersion = 46;
	objects = {

/* Begin PBXBuildFile section */
		DDA62F13171ED436002AD133 /* JRSwizzle.m in Sources */ = {isa = PBXBuildFile; fileRef = DDA62F12171ED436002AD133 /* JRSwizzle.m */; };
		DDDF9488171ECDE9004E5084 /* AppKit.framework in Frameworks */ = {isa = PBXBuildFile; fileRef = DDDF9487171ECDE9004E5084 /* AppKit.framework */; };
		DDDF948A171ECDE9004E5084 /* Foundation.framework in Frameworks */ = {isa = PBXBuildFile; fileRef = DDDF9489171ECDE9004E5084 /* Foundation.framework */; };
		DDDF9493171ECDE9004E5084 /* XPRPopupMenuPlugin.m in Sources */ = {isa = PBXBuildFile; fileRef = DDDF9492171ECDE9004E5084 /* XPRPopupMenuPlugin.m */; };
/* End PBXBuildFile section */

/* Begin PBXFileReference section */
		DDA62F11171ED436002AD133 /* JRSwizzle.h */ = {isa = PBXFileReference; fileEncoding = 4; lastKnownFileType = sourcecode.c.h; name = JRSwizzle.h; path = Xprop/JRSwizzle.h; sourceTree = "<group>"; };
		DDA62F12171ED436002AD133 /* JRSwizzle.m */ = {isa = PBXFileReference; fileEncoding = 4; lastKnownFileType = sourcecode.c.objc; name = JRSwizzle.m; path = Xprop/JRSwizzle.m; sourceTree = "<group>"; };
		DDDF9484171ECDE9004E5084 /* Xprop.xcplugin */ = {isa = PBXFileReference; explicitFileType = wrapper.cfbundle; includeInIndex = 0; path = Xprop.xcplugin; sourceTree = BUILT_PRODUCTS_DIR; };
		DDDF9487171ECDE9004E5084 /* AppKit.framework */ = {isa = PBXFileReference; lastKnownFileType = wrapper.framework; name = AppKit.framework; path = System/Library/Frameworks/AppKit.framework; sourceTree = SDKROOT; };
		DDDF9489171ECDE9004E5084 /* Foundation.framework */ = {isa = PBXFileReference; lastKnownFileType = wrapper.framework; name = Foundation.framework; path = System/Library/Frameworks/Foundation.framework; sourceTree = SDKROOT; };
		DDDF948D171ECDE9004E5084 /* Xprop-Info.plist */ = {isa = PBXFileReference; lastKnownFileType = text.plist.xml; path = "Xprop-Info.plist"; sourceTree = "<group>"; };
		DDDF9491171ECDE9004E5084 /* XPRPopupMenuPlugin.h */ = {isa = PBXFileReference; lastKnownFileType = sourcecode.c.h; path = XPRPopupMenuPlugin.h; sourceTree = "<group>"; };
		DDDF9492171ECDE9004E5084 /* XPRPopupMenuPlugin.m */ = {isa = PBXFileReference; lastKnownFileType = sourcecode.c.objc; path = XPRPopupMenuPlugin.m; sourceTree = "<group>"; };
/* End PBXFileReference section */

/* Begin PBXFrameworksBuildPhase section */
		DDDF9481171ECDE9004E5084 /* Frameworks */ = {
			isa = PBXFrameworksBuildPhase;
			buildActionMask = 2147483647;
			files = (
				DDDF9488171ECDE9004E5084 /* AppKit.framework in Frameworks */,
				DDDF948A171ECDE9004E5084 /* Foundation.framework in Frameworks */,
			);
			runOnlyForDeploymentPostprocessing = 0;
		};
/* End PBXFrameworksBuildPhase section */

/* Begin PBXGroup section */
		DD20B44E171F03AF008609FF /* Vendor */ = {
			isa = PBXGroup;
			children = (
				DDA62F11171ED436002AD133 /* JRSwizzle.h */,
				DDA62F12171ED436002AD133 /* JRSwizzle.m */,
			);
			name = Vendor;
			sourceTree = "<group>";
		};
		DDDF947B171ECDE9004E5084 = {
			isa = PBXGroup;
			children = (
				DDDF948B171ECDE9004E5084 /* Xprop */,
				DD20B44E171F03AF008609FF /* Vendor */,
				DDDF948C171ECDE9004E5084 /* Supporting Files */,
				DDDF9486171ECDE9004E5084 /* Frameworks */,
				DDDF9485171ECDE9004E5084 /* Products */,
			);
			sourceTree = "<group>";
		};
		DDDF9485171ECDE9004E5084 /* Products */ = {
			isa = PBXGroup;
			children = (
				DDDF9484171ECDE9004E5084 /* Xprop.xcplugin */,
			);
			name = Products;
			sourceTree = "<group>";
		};
		DDDF9486171ECDE9004E5084 /* Frameworks */ = {
			isa = PBXGroup;
			children = (
				DDDF9487171ECDE9004E5084 /* AppKit.framework */,
				DDDF9489171ECDE9004E5084 /* Foundation.framework */,
			);
			name = Frameworks;
			sourceTree = "<group>";
		};
		DDDF948B171ECDE9004E5084 /* Xprop */ = {
			isa = PBXGroup;
			children = (
				DDDF9491171ECDE9004E5084 /* XPRPopupMenuPlugin.h */,
				DDDF9492171ECDE9004E5084 /* XPRPopupMenuPlugin.m */,
			);
			path = Xprop;
			sourceTree = "<group>";
		};
		DDDF948C171ECDE9004E5084 /* Supporting Files */ = {
			isa = PBXGroup;
			children = (
				DDDF948D171ECDE9004E5084 /* Xprop-Info.plist */,
			);
			name = "Supporting Files";
			path = Xprop;
			sourceTree = "<group>";
		};
/* End PBXGroup section */

/* Begin PBXNativeTarget section */
		DDDF9483171ECDE9004E5084 /* Xprop */ = {
			isa = PBXNativeTarget;
			buildConfigurationList = DDDF9497171ECDE9004E5084 /* Build configuration list for PBXNativeTarget "Xprop" */;
			buildPhases = (
				DDDF9480171ECDE9004E5084 /* Sources */,
				DDDF9481171ECDE9004E5084 /* Frameworks */,
				DDDF9482171ECDE9004E5084 /* Resources */,
			);
			buildRules = (
			);
			dependencies = (
			);
			name = Xprop;
			productName = Xprop;
			productReference = DDDF9484171ECDE9004E5084 /* Xprop.xcplugin */;
			productType = "com.apple.product-type.bundle";
		};
/* End PBXNativeTarget section */

/* Begin PBXProject section */
		DDDF947C171ECDE9004E5084 /* Project object */ = {
			isa = PBXProject;
			attributes = {
				LastUpgradeCheck = 0630;
				ORGANIZATIONNAME = Shpakovski;
			};
			buildConfigurationList = DDDF947F171ECDE9004E5084 /* Build configuration list for PBXProject "Xprop" */;
			compatibilityVersion = "Xcode 3.2";
			developmentRegion = English;
			hasScannedForEncodings = 0;
			knownRegions = (
				en,
			);
			mainGroup = DDDF947B171ECDE9004E5084;
			productRefGroup = DDDF9485171ECDE9004E5084 /* Products */;
			projectDirPath = "";
			projectRoot = "";
			targets = (
				DDDF9483171ECDE9004E5084 /* Xprop */,
			);
		};
/* End PBXProject section */

/* Begin PBXResourcesBuildPhase section */
		DDDF9482171ECDE9004E5084 /* Resources */ = {
			isa = PBXResourcesBuildPhase;
			buildActionMask = 2147483647;
			files = (
			);
			runOnlyForDeploymentPostprocessing = 0;
		};
/* End PBXResourcesBuildPhase section */

/* Begin PBXSourcesBuildPhase section */
		DDDF9480171ECDE9004E5084 /* Sources */ = {
			isa = PBXSourcesBuildPhase;
			buildActionMask = 2147483647;
			files = (
				DDDF9493171ECDE9004E5084 /* XPRPopupMenuPlugin.m in Sources */,
				DDA62F13171ED436002AD133 /* JRSwizzle.m in Sources */,
			);
			runOnlyForDeploymentPostprocessing = 0;
		};
/* End PBXSourcesBuildPhase section */

/* Begin XCBuildConfiguration section */
		DDDF9495171ECDE9004E5084 /* Debug */ = {
			isa = XCBuildConfiguration;
			buildSettings = {
				COPY_PHASE_STRIP = NO;
				GCC_OPTIMIZATION_LEVEL = 0;
				GCC_PREPROCESSOR_DEFINITIONS = (
					"DEBUG=1",
					"$(inherited)",
				);
				ONLY_ACTIVE_ARCH = YES;
			};
			name = Debug;
		};
		DDDF9496171ECDE9004E5084 /* Release */ = {
			isa = XCBuildConfiguration;
			buildSettings = {
				DEBUG_INFORMATION_FORMAT = "dwarf-with-dsym";
			};
			name = Release;
		};
		DDDF9498171ECDE9004E5084 /* Debug */ = {
			isa = XCBuildConfiguration;
			buildSettings = {
				COMBINE_HIDPI_IMAGES = YES;
				DEPLOYMENT_LOCATION = YES;
				DSTROOT = "$(HOME)";
				INFOPLIST_FILE = "Xprop/Xprop-Info.plist";
				INSTALL_PATH = "/Library/Application Support/Developer/Shared/Xcode/Plug-ins";
				PRODUCT_NAME = "$(TARGET_NAME)";
				WRAPPER_EXTENSION = xcplugin;
			};
			name = Debug;
		};
		DDDF9499171ECDE9004E5084 /* Release */ = {
			isa = XCBuildConfiguration;
			buildSettings = {
				COMBINE_HIDPI_IMAGES = YES;
				DEPLOYMENT_LOCATION = YES;
				DSTROOT = "$(HOME)";
				INFOPLIST_FILE = "Xprop/Xprop-Info.plist";
				INSTALL_PATH = "/Library/Application Support/Developer/Shared/Xcode/Plug-ins";
				PRODUCT_NAME = "$(TARGET_NAME)";
				WRAPPER_EXTENSION = xcplugin;
			};
			name = Release;
		};
/* End XCBuildConfiguration section */

/* Begin XCConfigurationList section */
		DDDF947F171ECDE9004E5084 /* Build configuration list for PBXProject "Xprop" */ = {
			isa = XCConfigurationList;
			buildConfigurations = (
				DDDF9495171ECDE9004E5084 /* Debug */,
				DDDF9496171ECDE9004E5084 /* Release */,
			);
			defaultConfigurationIsVisible = 0;
			defaultConfigurationName = Release;
		};
		DDDF9497171ECDE9004E5084 /* Build configuration list for PBXNativeTarget "Xprop" */ = {
			isa = XCConfigurationList;
			buildConfigurations = (
				DDDF9498171ECDE9004E5084 /* Debug */,
				DDDF9499171ECDE9004E5084 /* Release */,
			);
			defaultConfigurationIsVisible = 0;
			defaultConfigurationName = Release;
		};
/* End XCConfigurationList section */
	};
	rootObject = DDDF947C171ECDE9004E5084 /* Project object */;
}
